
Microsoft Visual Studio Solution File, Format Version 12.00
# Visual Studio 15
VisualStudioVersion = 15.0.33919.361
MinimumVisualStudioVersion = 10.0.40219.1
Project("{FAE04EC0-301F-11D3-BF4B-00C04F79EFBC}") = "CECILPrototype", "CECILPrototype\CECILPrototype.csproj", "{5F6A6C09-7270-4795-9927-6E5333FABD31}"
EndProject
Project("{FAE04EC0-301F-11D3-BF4B-00C04F79EFBC}") = "TestApp", "TestApp\TestApp.csproj", "{DF3980EF-9139-46DA-B59D-DBF84A4AF1ED}"
EndProject
Global
	GlobalSection(SolutionConfigurationPlatforms) = preSolution
		Debug|Any CPU = Debug|Any CPU
		Release|Any CPU = Release|Any CPU
	EndGlobalSection
	GlobalSection(ProjectConfigurationPlatforms) = postSolution
		{5F6A6C09-7270-4795-9927-6E5333FABD31}.Debug|Any CPU.ActiveCfg = Debug|Any CPU
		{5F6A6C09-7270-4795-9927-6E5333FABD31}.Debug|Any CPU.Build.0 = Debug|Any CPU
		{5F6A6C09-7270-4795-9927-6E5333FABD31}.Release|Any CPU.ActiveCfg = Release|Any CPU
		{5F6A6C09-7270-4795-9927-6E5333FABD31}.Release|Any CPU.Build.0 = Release|Any CPU
		{DF3980EF-9139-46DA-B59D-DBF84A4AF1ED}.Debug|Any CPU.ActiveCfg = Debug|Any CPU
		{DF3980EF-9139-46DA-B59D-DBF84A4AF1ED}.Debug|Any CPU.Build.0 = Debug|Any CPU
		{DF3980EF-9139-46DA-B59D-DBF84A4AF1ED}.Release|Any CPU.ActiveCfg = Release|Any CPU
		{DF3980EF-9139-46DA-B59D-DBF84A4AF1ED}.Release|Any CPU.Build.0 = Release|Any CPU
	EndGlobalSection
	GlobalSection(SolutionProperties) = preSolution
		HideSolutionNode = FALSE
	EndGlobalSection
	GlobalSection(ExtensibilityGlobals) = postSolution
		SolutionGuid = {E014E7EF-05E8-4EC0-987B-FC906B08244C}
	EndGlobalSection
EndGlobal
